
Microsoft Visual Studio Solution File, Format Version 12.00
# Visual Studio 15
VisualStudioVersion = 15.0.35213.121
MinimumVisualStudioVersion = 10.0.40219.1
Project("{FAE04EC0-301F-11D3-BF4B-00C04F79EFBC}") = "mayıntarlası", "mayıntarlası\mayıntarlası.csproj", "{EAA4F20E-851C-4FD1-AF8D-1DFE094E858E}"
EndProject
Global
	GlobalSection(SolutionConfigurationPlatforms) = preSolution
		Debug|Any CPU = Debug|Any CPU
		Release|Any CPU = Release|Any CPU
	EndGlobalSection
	GlobalSection(ProjectConfigurationPlatforms) = postSolution
		{EAA4F20E-851C-4FD1-AF8D-1DFE094E858E}.Debug|Any CPU.ActiveCfg = Debug|Any CPU
		{EAA4F20E-851C-4FD1-AF8D-1DFE094E858E}.Debug|Any CPU.Build.0 = Debug|Any CPU
		{EAA4F20E-851C-4FD1-AF8D-1DFE094E858E}.Release|Any CPU.ActiveCfg = Release|Any CPU
		{EAA4F20E-851C-4FD1-AF8D-1DFE094E858E}.Release|Any CPU.Build.0 = Release|Any CPU
	EndGlobalSection
	GlobalSection(SolutionProperties) = preSolution
		HideSolutionNode = FALSE
	EndGlobalSection
	GlobalSection(ExtensibilityGlobals) = postSolution
		SolutionGuid = {96CC093D-7163-42DF-84BD-A3C5EEB90667}
	EndGlobalSection
EndGlobal
