
Microsoft Visual Studio Solution File, Format Version 12.00
# Visual Studio 15
VisualStudioVersion = 15.0.35213.121
MinimumVisualStudioVersion = 10.0.40219.1
Project("{FAE04EC0-301F-11D3-BF4B-00C04F79EFBC}") = "birds", "birds\birds.csproj", "{FBFE58F6-4A08-4BB5-99DE-2AFD00B7D6CB}"
EndProject
Global
	GlobalSection(SolutionConfigurationPlatforms) = preSolution
		Debug|Any CPU = Debug|Any CPU
		Release|Any CPU = Release|Any CPU
	EndGlobalSection
	GlobalSection(ProjectConfigurationPlatforms) = postSolution
		{FBFE58F6-4A08-4BB5-99DE-2AFD00B7D6CB}.Debug|Any CPU.ActiveCfg = Debug|Any CPU
		{FBFE58F6-4A08-4BB5-99DE-2AFD00B7D6CB}.Debug|Any CPU.Build.0 = Debug|Any CPU
		{FBFE58F6-4A08-4BB5-99DE-2AFD00B7D6CB}.Release|Any CPU.ActiveCfg = Release|Any CPU
		{FBFE58F6-4A08-4BB5-99DE-2AFD00B7D6CB}.Release|Any CPU.Build.0 = Release|Any CPU
	EndGlobalSection
	GlobalSection(SolutionProperties) = preSolution
		HideSolutionNode = FALSE
	EndGlobalSection
	GlobalSection(ExtensibilityGlobals) = postSolution
		SolutionGuid = {01BC5BE7-709B-413C-B799-7956B0D0042D}
	EndGlobalSection
EndGlobal
